<?xml version="1.0" encoding="UTF-8" standalone="yes" ?>
<CodeBlocks_project_file>
	<FileVersion major="1" minor="6" />
	<Project>
		<Option title="v8unpack" />
		<Option pch_mode="2" />
		<Option compiler="gcc" />
		<Build>
			<Target title="Debug">
				<Option output="bin/Debug/v8unpack" prefix_auto="1" extension_auto="1" />
				<Option object_output="obj/Debug/" />
				<Option type="1" />
				<Option compiler="gcc" />
				<Option parameters="-p ./bin/Debug/1Cv8.cf ./bin/Debug/cx" />
				<Compiler>
					<Add option="-std=c++11" />
					<Add option="-pg" />
					<Add option="-g" />
					<Add directory="../../../boost" />
					<Add directory="include" />
				</Compiler>
				<Linker>
					<Add option="-pg -lgmon" />
					<Add library="../lib/libzdll.a" />
					<Add library="../../boost/stage/lib/libboost_filesystem-mgw49-mt-d-1_63.a" />
					<Add library="../../boost/stage/lib/libboost_system-mgw49-mt-d-1_63.a" />
				</Linker>
			</Target>
			<Target title="Release">
				<Option output="bin/Release/v8unpack" prefix_auto="1" extension_auto="1" />
				<Option object_output="obj/Release/" />
				<Option type="1" />
				<Option compiler="gcc" />
				<Compiler>
					<Add option="-O2" />
					<Add directory="include" />
				</Compiler>
				<Linker>
					<Add option="-s" />
				</Linker>
			</Target>
		</Build>
		<Compiler>
			<Add option="-Wall" />
		</Compiler>
		<Unit filename="src/V8File.cpp" />
		<Unit filename="src/V8File.h" />
		<Unit filename="src/config.h">
			<Option target="&lt;{~None~}&gt;" />
		</Unit>
		<Unit filename="src/filesmap.cpp" />
		<Unit filename="src/filesmap.h" />
		<Unit filename="src/filetypes.cpp" />
		<Unit filename="src/filetypes.h">
			<Option target="&lt;{~None~}&gt;" />
		</Unit>
		<Unit filename="src/folders.cpp">
			<Option target="&lt;{~None~}&gt;" />
		</Unit>
		<Unit filename="src/folders.h">
			<Option target="&lt;{~None~}&gt;" />
		</Unit>
		<Unit filename="src/guids.cpp">
			<Option target="&lt;{~None~}&gt;" />
		</Unit>
		<Unit filename="src/guids.h">
			<Option target="&lt;{~None~}&gt;" />
		</Unit>
		<Unit filename="src/main.cpp" />
		<Unit filename="src/parserdata.cpp">
			<Option target="&lt;{~None~}&gt;" />
		</Unit>
		<Unit filename="src/parserdata.h">
			<Option target="&lt;{~None~}&gt;" />
		</Unit>
		<Unit filename="src/storage.cpp">
			<Option target="&lt;{~None~}&gt;" />
		</Unit>
		<Unit filename="src/storage.h">
			<Option target="&lt;{~None~}&gt;" />
		</Unit>
		<Unit filename="src/storageutils.cpp">
			<Option target="&lt;{~None~}&gt;" />
		</Unit>
		<Unit filename="src/storageutils.h">
			<Option target="&lt;{~None~}&gt;" />
		</Unit>
		<Unit filename="src/utils.cpp">
			<Option target="&lt;{~None~}&gt;" />
		</Unit>
		<Unit filename="src/utils.h">
			<Option target="&lt;{~None~}&gt;" />
		</Unit>
		<Unit filename="src/version.h" />
		<Unit filename="src/zconf.h" />
		<Unit filename="src/zlib.h" />
		<Extensions>
			<code_completion />
			<envvars />
			<debugger />
		</Extensions>
	</Project>
</CodeBlocks_project_file>
